
Microsoft Visual Studio Solution File, Format Version 12.00
# Visual Studio Version 17
VisualStudioVersion = 17.13.35818.85 d17.13
MinimumVisualStudioVersion = 10.0.40219.1
Project("{FAE04EC0-301F-11D3-BF4B-00C04F79EFBC}") = "Backend.API", "Backend.API\Backend.API.csproj", "{4423B74B-7611-4351-BABF-6D1A46F037AF}"
EndProject
Project("{FAE04EC0-301F-11D3-BF4B-00C04F79EFBC}") = "Backend.Application", "Backend.Application\Backend.Application.csproj", "{C45A2FE9-29C0-4225-9587-A6F7998B1D86}"
EndProject
Project("{FAE04EC0-301F-11D3-BF4B-00C04F79EFBC}") = "Backend.Infrastracture", "Backend.Infrastracture\Backend.Infrastracture.csproj", "{4727F039-4300-47DF-B2A1-B357B5D79E29}"
EndProject
Project("{FAE04EC0-301F-11D3-BF4B-00C04F79EFBC}") = "Backend.Logic", "Backend.Logic\Backend.Logic.csproj", "{0C579816-1467-4448-882E-EC8412FC55FD}"
EndProject
Project("{FAE04EC0-301F-11D3-BF4B-00C04F79EFBC}") = "Backend.Persistence", "Backend.Persistence\Backend.Persistence.csproj", "{3D91E674-5415-40B2-94C3-0B1F50CFF182}"
EndProject
Global
	GlobalSection(SolutionConfigurationPlatforms) = preSolution
		Debug|Any CPU = Debug|Any CPU
		Release|Any CPU = Release|Any CPU
	EndGlobalSection
	GlobalSection(ProjectConfigurationPlatforms) = postSolution
		{4423B74B-7611-4351-BABF-6D1A46F037AF}.Debug|Any CPU.ActiveCfg = Debug|Any CPU
		{4423B74B-7611-4351-BABF-6D1A46F037AF}.Debug|Any CPU.Build.0 = Debug|Any CPU
		{4423B74B-7611-4351-BABF-6D1A46F037AF}.Release|Any CPU.ActiveCfg = Release|Any CPU
		{4423B74B-7611-4351-BABF-6D1A46F037AF}.Release|Any CPU.Build.0 = Release|Any CPU
		{C45A2FE9-29C0-4225-9587-A6F7998B1D86}.Debug|Any CPU.ActiveCfg = Debug|Any CPU
		{C45A2FE9-29C0-4225-9587-A6F7998B1D86}.Debug|Any CPU.Build.0 = Debug|Any CPU
		{C45A2FE9-29C0-4225-9587-A6F7998B1D86}.Release|Any CPU.ActiveCfg = Release|Any CPU
		{C45A2FE9-29C0-4225-9587-A6F7998B1D86}.Release|Any CPU.Build.0 = Release|Any CPU
		{4727F039-4300-47DF-B2A1-B357B5D79E29}.Debug|Any CPU.ActiveCfg = Debug|Any CPU
		{4727F039-4300-47DF-B2A1-B357B5D79E29}.Debug|Any CPU.Build.0 = Debug|Any CPU
		{4727F039-4300-47DF-B2A1-B357B5D79E29}.Release|Any CPU.ActiveCfg = Release|Any CPU
		{4727F039-4300-47DF-B2A1-B357B5D79E29}.Release|Any CPU.Build.0 = Release|Any CPU
		{0C579816-1467-4448-882E-EC8412FC55FD}.Debug|Any CPU.ActiveCfg = Debug|Any CPU
		{0C579816-1467-4448-882E-EC8412FC55FD}.Debug|Any CPU.Build.0 = Debug|Any CPU
		{0C579816-1467-4448-882E-EC8412FC55FD}.Release|Any CPU.ActiveCfg = Release|Any CPU
		{0C579816-1467-4448-882E-EC8412FC55FD}.Release|Any CPU.Build.0 = Release|Any CPU
		{3D91E674-5415-40B2-94C3-0B1F50CFF182}.Debug|Any CPU.ActiveCfg = Debug|Any CPU
		{3D91E674-5415-40B2-94C3-0B1F50CFF182}.Debug|Any CPU.Build.0 = Debug|Any CPU
		{3D91E674-5415-40B2-94C3-0B1F50CFF182}.Release|Any CPU.ActiveCfg = Release|Any CPU
		{3D91E674-5415-40B2-94C3-0B1F50CFF182}.Release|Any CPU.Build.0 = Release|Any CPU
	EndGlobalSection
	GlobalSection(SolutionProperties) = preSolution
		HideSolutionNode = FALSE
	EndGlobalSection
	GlobalSection(ExtensibilityGlobals) = postSolution
		SolutionGuid = {4FA027A5-4033-450F-B088-38EF7A1860CA}
	EndGlobalSection
EndGlobal
